# THIS IS AN AUTOGENERATED FILE. DO NOT EDIT THIS FILE DIRECTLY.
# yarn lockfile v1


"@effect-ts/core@^0.58.0":
  version "0.58.0"
  resolved "https://registry.yarnpkg.com/@effect-ts/core/-/core-0.58.0.tgz#5bdd3493d4d52ae997f57c0a04d4898df16ddccb"
  integrity sha512-bnSXjg79Fj9NtVF8Q+srO/h9+KHKGFzyTa0R08syWTX3WjxLRaDgJD53hu7DQ9NffQPoxFotPDelg6waU4c5xw==
  dependencies:
    "@effect-ts/system" "^0.55.0"

"@effect-ts/system@^0.55.0":
  version "0.55.0"
  resolved "https://registry.yarnpkg.com/@effect-ts/system/-/system-0.55.0.tgz#57f97aa8a243920e62e02a3184426d9b5069f523"
  integrity sha512-vQ2bg3cGMsc1ftpSxoXj8E18hfmdZUZY8nZul5rO6x4Qa6l02TSGEwxZYjvXPzTeg7dqpE9teEEOFv3TaJ88tg==

callbag-basics@^4.0.0:
  version "4.0.0"
  resolved "https://registry.yarnpkg.com/callbag-basics/-/callbag-basics-4.0.0.tgz#19d0e94761f71503278c2c11127fa2dfebe4a79c"
  integrity sha512-32h7VCnrbHvAsKVtCq209ebebMAlJy1LCXm+UYVgoNzL+LwhLuu6CN0aYpe7E9nda4H3hAJe9/Op6BHJgwoIyQ==
  dependencies:
    callbag "1"
    callbag-combine "1"
    callbag-concat "1"
    callbag-filter "1"
    callbag-flatten "1"
    callbag-for-each "1"
    callbag-from-event "1"
    callbag-from-iter "1"
    callbag-from-obs "1"
    callbag-from-promise "1"
    callbag-interval "1"
    callbag-map "1"
    callbag-merge "3"
    callbag-pipe "1"
    callbag-scan "1"
    callbag-share "1"
    callbag-skip "1"
    callbag-take "1"

callbag-combine@1:
  version "1.2.0"
  resolved "https://registry.yarnpkg.com/callbag-combine/-/callbag-combine-1.2.0.tgz#72628d05f7208d720a29fe1be7ff6fdc221d67df"
  integrity sha512-iDHfGNcBb9oIJLA//ytxU1e1W5MjjG+lIu2E2xtVs8fBba7+Zkp4wU6bnIf5II34hDxyEy8O8ct8TY6GO/W8Ig==
  dependencies:
    callbag "^1.1.0"

callbag-concat@1:
  version "1.2.1"
  resolved "https://registry.yarnpkg.com/callbag-concat/-/callbag-concat-1.2.1.tgz#3b10bcc5a7cbbcba3bdf1c46136e5d16f36291bd"
  integrity sha512-iIC4FCUF7sKnt4gDKHNjMRHekebdaA1/udjON/mCLg31EzzTO/dE9nfxpcj+G/63KopFXVQdZKQDsu7UOYGpPg==
  dependencies:
    callbag "^1.2.0"

callbag-filter@1:
  version "1.1.0"
  resolved "https://registry.yarnpkg.com/callbag-filter/-/callbag-filter-1.1.0.tgz#d3116bf839702e859ee7e76eb9525925a6bff8b3"
  integrity sha512-m6ZHEd9JYHBAYJAdeqgt3gIKSoZOizfJTxIPd8EvDwY8Dr44+slm090WvCrrlz2SZoU8mCqpmZ8TFrGKXHo/yw==
  dependencies:
    callbag "^1.1.0"

callbag-flatten@1:
  version "1.7.0"
  resolved "https://registry.yarnpkg.com/callbag-flatten/-/callbag-flatten-1.7.0.tgz#5edb7c0b59f8eafdcb3e5ffb34505ace423fa6e2"
  integrity sha512-1nekVS5GwI38CRcIzmLFRFmXeoHkLG/SkUAwwvarwL4srmHW994UzFAcwwQbZjI9gudqfVDvY+LnopNb4Dtc4w==
  dependencies:
    callbag "^1.1.0"

callbag-for-each@1:
  version "1.1.0"
  resolved "https://registry.yarnpkg.com/callbag-for-each/-/callbag-for-each-1.1.0.tgz#8f21877058cc9511aab7d87a1cd150f688c7dbd4"
  integrity sha512-/FKC/dd3hnw/M1G5mlZrz/+UbtHYPz5PsmmBvpthNb67v6XuQlT93BzxQDxRHAalAjsOci8ZqoYFgmmJxwGhvg==
  dependencies:
    callbag "^1.1.0"

callbag-from-event@1:
  version "1.3.0"
  resolved "https://registry.yarnpkg.com/callbag-from-event/-/callbag-from-event-1.3.0.tgz#59c005677bca8787ff6f21811d50158fc636067e"
  integrity sha512-cAu82hKKFmMtKTmd50p/nlMfs1oKz+PGUZmmwhbzPbw4YtjNgTKg6pXjpcQprhBQdrqg/v8pHcAS8Qs6X7r8fw==
  dependencies:
    callbag "^1.1.0"

callbag-from-iter@1:
  version "1.3.0"
  resolved "https://registry.yarnpkg.com/callbag-from-iter/-/callbag-from-iter-1.3.0.tgz#6757c1de9f8558b877546d475e3082823662c54c"
  integrity sha512-iBc6O6DYDWQBjlOZzdU/SbJofK0pN3TjNWC4fDIQePBk5FWCZKVll/coXiVU6gpwbBaS0Om/d/PVbVK8Ki17Ew==
  dependencies:
    callbag "^1.2.0"

callbag-from-obs@1:
  version "1.2.0"
  resolved "https://registry.yarnpkg.com/callbag-from-obs/-/callbag-from-obs-1.2.0.tgz#f092f302f302b53abaf1a4d7a5393f9a65fac517"
  integrity sha512-InhdPC6P4Gdpg7nuXSkocDFlb+//sbwCrVCYhxOHhSVm1gDcw/zSA+IF1gHdYtk4RQKKaCymUFCkVVUVSRThVQ==
  dependencies:
    symbol-observable "^1.2.0"

callbag-from-promise@1:
  version "1.3.0"
  resolved "https://registry.yarnpkg.com/callbag-from-promise/-/callbag-from-promise-1.3.0.tgz#6646822314e224265eda2b26d8f8c7c5f00f0ccc"
  integrity sha512-1e6Xloc5DavrPUYIUKUNLhYTTXFtrRH/tN0qbS+LAzNeu9whCJOLEExjVfntEfSbiuADClAuIiVDLRiPBhu1mg==
  dependencies:
    callbag "^1.1.0"

callbag-interval@1:
  version "1.2.0"
  resolved "https://registry.yarnpkg.com/callbag-interval/-/callbag-interval-1.2.0.tgz#9b1e1ebbbaa46999d77dabff1acb26889fe3ad2b"
  integrity sha512-jo2UQZ+vvGWvCCykqKzL7ixSoTmvzDysQGTQkI3qQF28weRSMSmH5k86qmm7ddfPW1yNczcL93uhGnWC5e34Og==
  dependencies:
    callbag "^1.1.0"

callbag-map@1:
  version "1.1.0"
  resolved "https://registry.yarnpkg.com/callbag-map/-/callbag-map-1.1.0.tgz#6ddd28a3f634fbd2394ef136a181b4ba5e3b062c"
  integrity sha512-/xFzvJCtx1xulZpFeI4wq+ZD7tkg417XOeJ3wS9v8bHLLpt+fHKXgbZ8TBnnIxywJN6Uu/ZhL+c1DzUG6KXYFQ==
  dependencies:
    callbag "^1.1.0"

callbag-merge@3:
  version "3.2.2"
  resolved "https://registry.yarnpkg.com/callbag-merge/-/callbag-merge-3.2.2.tgz#87e4a9705dfcea109908296397834d648e8ea435"
  integrity sha512-VeBE5Mh7LUxYwxaITKsHt3CmZeMMfpsjEamMD0Wf6ajrFE6FGa4aQnd7SZ5h0KSSTcivxe0UaT6x97f8Y9atzA==
  dependencies:
    callbag "^1.2.0"

callbag-pipe@1:
  version "1.2.0"
  resolved "https://registry.yarnpkg.com/callbag-pipe/-/callbag-pipe-1.2.0.tgz#7c00f47774da0096a7c5afa8a14f7873b5be1daf"
  integrity sha512-M+LdHUK0qJkm4CRe+I870ZzD/SnzcpTsfJRzFoB2hOkNXlrVdoj002KMkfdS4pHMfV6egzZFd8j+xJu6C4kwEQ==

callbag-scan@1:
  version "1.1.0"
  resolved "https://registry.yarnpkg.com/callbag-scan/-/callbag-scan-1.1.0.tgz#09e5bea479b849d51c0087be81a28044f9c5ddf3"
  integrity sha512-5Aw9LR8b4Fg/gC++lWrq9sXEqgO0c5Gk+HWaFhFoVqgujSUVRxFw+c4bLw1eExWrBX6OeBDbVZ/2rMr/E0q9cQ==
  dependencies:
    callbag "^1.1.0"

callbag-share@1:
  version "1.3.0"
  resolved "https://registry.yarnpkg.com/callbag-share/-/callbag-share-1.3.0.tgz#4284f7c13f83b0888b246c13fa099ef6ce7c4e45"
  integrity sha512-KqM16UzlvK3DcYRsT6Myabm4GqvsMQIoGLWmawVVoMAw3534O0XCa+6Sai0mjFKenC3tqTacyChlusoZoZmdsg==
  dependencies:
    callbag "^1.1.0"

callbag-skip@1:
  version "1.1.0"
  resolved "https://registry.yarnpkg.com/callbag-skip/-/callbag-skip-1.1.0.tgz#02df66e5519e8f5dec8f12284663974d7fe35c80"
  integrity sha512-KodTVJFA1h1Z7iFvs2ocwtyvb+q38i/FJTabdMTmmPucQV+XpGH8e6BYxmYRznY4FQUTLM9e5Y5HqbUxT7ma1w==
  dependencies:
    callbag "^1.1.0"

callbag-take@1:
  version "1.5.0"
  resolved "https://registry.yarnpkg.com/callbag-take/-/callbag-take-1.5.0.tgz#3062b42f8ed4ed7e021d2cd1306c029d2ef4a12d"
  integrity sha512-8aOxp+gzfVQtDe+tk9PhKbC9QR9Vap4KFA0xccUiXFK9VjIS0fSt/Yi454viPpMhJkhRcx1BsjyF34Cj57W89A==
  dependencies:
    callbag "^1.1.0"

callbag@1, callbag@^1.1.0, callbag@^1.2.0, callbag@^1.5.0:
  version "1.5.0"
  resolved "https://registry.yarnpkg.com/callbag/-/callbag-1.5.0.tgz#b9d0be57e979c39d1616280320a4d3636f08c9e9"
  integrity sha512-PH3id0HEb/cNS+BehYlF4Z5wzjKAIUao6ab2hWtMs2bi6aW+0PXl0jymqwnFyT2cQO2h30ggUgpQlmzOpAIKNg==

symbol-observable@^1.2.0:
  version "1.2.0"
  resolved "https://registry.yarnpkg.com/symbol-observable/-/symbol-observable-1.2.0.tgz#c22688aed4eab3cdc2dfeacbb561660560a00804"
  integrity sha512-e900nM8RRtGhlV36KGEU9k65K3mPb1WV70OdjfxlG2EAuM1noi/E/BaW/uMhL7bPEssK8QV57vN3esixjUvcXQ==

typescript@^4.6.2:
  version "4.6.2"
  resolved "https://registry.yarnpkg.com/typescript/-/typescript-4.6.2.tgz#fe12d2727b708f4eef40f51598b3398baa9611d4"
  integrity sha512-HM/hFigTBHZhLXshn9sN37H085+hQGeJHJ/X7LpBWLID/fbc2acUMfU+lGD98X81sKP+pFa9f0DZmCwB9GnbAg==
