# THIS IS AN AUTOGENERATED FILE. DO NOT EDIT THIS FILE DIRECTLY.
# yarn lockfile v1


"@cspotcode/source-map-consumer@0.8.0":
  version "0.8.0"
  resolved "https://registry.yarnpkg.com/@cspotcode/source-map-consumer/-/source-map-consumer-0.8.0.tgz#33bf4b7b39c178821606f669bbc447a6a629786b"
  integrity sha512-41qniHzTU8yAGbCp04ohlmSrZf8bkf/iJsl3V0dRGsQN/5GFfx+LbCSsCpp2gqrqjTVg/K6O8ycoV35JIwAzAg==

"@cspotcode/source-map-support@0.7.0":
  version "0.7.0"
  resolved "https://registry.yarnpkg.com/@cspotcode/source-map-support/-/source-map-support-0.7.0.tgz#4789840aa859e46d2f3173727ab707c66bf344f5"
  integrity sha512-X4xqRHqN8ACt2aHVe51OxeA2HjbcL4MqFqXkrmQszJ1NOUuUu5u6Vqx/0lZSVNku7velL5FC/s5uEAj1lsBMhA==
  dependencies:
    "@cspotcode/source-map-consumer" "0.8.0"

"@effect-ts/core@^0.58.0":
  version "0.58.0"
  resolved "https://registry.yarnpkg.com/@effect-ts/core/-/core-0.58.0.tgz#5bdd3493d4d52ae997f57c0a04d4898df16ddccb"
  integrity sha512-bnSXjg79Fj9NtVF8Q+srO/h9+KHKGFzyTa0R08syWTX3WjxLRaDgJD53hu7DQ9NffQPoxFotPDelg6waU4c5xw==
  dependencies:
    "@effect-ts/system" "^0.55.0"

"@effect-ts/node@^0.38.3":
  version "0.38.3"
  resolved "https://registry.yarnpkg.com/@effect-ts/node/-/node-0.38.3.tgz#d91558efa94fa3d5dc75a3d516424af74d297949"
  integrity sha512-6+N1oNyp/IMmAstOiZWELCxdd+6jT2vJi1kK23Oj7Pig0suumDNh59AfbZwfX/+JcSScbD1qiIK5gSUN6C9Jow==

"@effect-ts/system@^0.55.0":
  version "0.55.0"
  resolved "https://registry.yarnpkg.com/@effect-ts/system/-/system-0.55.0.tgz#57f97aa8a243920e62e02a3184426d9b5069f523"
  integrity sha512-vQ2bg3cGMsc1ftpSxoXj8E18hfmdZUZY8nZul5rO6x4Qa6l02TSGEwxZYjvXPzTeg7dqpE9teEEOFv3TaJ88tg==

"@tsconfig/node10@^1.0.7":
  version "1.0.8"
  resolved "https://registry.yarnpkg.com/@tsconfig/node10/-/node10-1.0.8.tgz#c1e4e80d6f964fbecb3359c43bd48b40f7cadad9"
  integrity sha512-6XFfSQmMgq0CFLY1MslA/CPUfhIL919M1rMsa5lP2P097N2Wd1sSX0tx1u4olM16fLNhtHZpRhedZJphNJqmZg==

"@tsconfig/node12@^1.0.7":
  version "1.0.9"
  resolved "https://registry.yarnpkg.com/@tsconfig/node12/-/node12-1.0.9.tgz#62c1f6dee2ebd9aead80dc3afa56810e58e1a04c"
  integrity sha512-/yBMcem+fbvhSREH+s14YJi18sp7J9jpuhYByADT2rypfajMZZN4WQ6zBGgBKp53NKmqI36wFYDb3yaMPurITw==

"@tsconfig/node14@^1.0.0":
  version "1.0.1"
  resolved "https://registry.yarnpkg.com/@tsconfig/node14/-/node14-1.0.1.tgz#95f2d167ffb9b8d2068b0b235302fafd4df711f2"
  integrity sha512-509r2+yARFfHHE7T6Puu2jjkoycftovhXRqW328PDXTVGKihlb1P8Z9mMZH04ebyajfRY7dedfGynlrFHJUQCg==

"@tsconfig/node16@^1.0.2":
  version "1.0.2"
  resolved "https://registry.yarnpkg.com/@tsconfig/node16/-/node16-1.0.2.tgz#423c77877d0569db20e1fc80885ac4118314010e"
  integrity sha512-eZxlbI8GZscaGS7kkc/trHTT5xgrjH3/1n2JDwusC9iahPKWMRvRjJSAN5mCXviuTGQ/lHnhvv8Q1YTpnfz9gA==

"@types/node@^17.0.21":
  version "17.0.21"
  resolved "https://registry.yarnpkg.com/@types/node/-/node-17.0.21.tgz#864b987c0c68d07b4345845c3e63b75edd143644"
  integrity sha512-DBZCJbhII3r90XbQxI8Y9IjjiiOGlZ0Hr32omXIZvwwZ7p4DMMXGrKXVyPfuoBOri9XNtL0UK69jYIBIsRX3QQ==

acorn-walk@^8.1.1:
  version "8.2.0"
  resolved "https://registry.yarnpkg.com/acorn-walk/-/acorn-walk-8.2.0.tgz#741210f2e2426454508853a2f44d0ab83b7f69c1"
  integrity sha512-k+iyHEuPgSw6SbuDpGQM+06HQUa04DZ3o+F6CSzXMvvI5KMvnaEqXe+YVe555R9nn6GPt404fos4wcgpw12SDA==

acorn@^8.4.1:
  version "8.7.0"
  resolved "https://registry.yarnpkg.com/acorn/-/acorn-8.7.0.tgz#90951fde0f8f09df93549481e5fc141445b791cf"
  integrity sha512-V/LGr1APy+PXIwKebEWrkZPwoeoF+w1jiOBUmuxuiUIaOHtob8Qc9BTrYo7VuI5fR8tqsy+buA2WFooR5olqvQ==

arg@^4.1.0:
  version "4.1.3"
  resolved "https://registry.yarnpkg.com/arg/-/arg-4.1.3.tgz#269fc7ad5b8e42cb63c896d5666017261c144089"
  integrity sha512-58S9QDqG0Xx27YwPSt9fJxivjYl432YCwfDMfZ+71RAqUrZef7LrKQZ3LHLOwCS4FLNBplP533Zx895SeOCHvA==

callbag-basics@^4.0.0:
  version "4.0.0"
  resolved "https://registry.yarnpkg.com/callbag-basics/-/callbag-basics-4.0.0.tgz#19d0e94761f71503278c2c11127fa2dfebe4a79c"
  integrity sha512-32h7VCnrbHvAsKVtCq209ebebMAlJy1LCXm+UYVgoNzL+LwhLuu6CN0aYpe7E9nda4H3hAJe9/Op6BHJgwoIyQ==
  dependencies:
    callbag "1"
    callbag-combine "1"
    callbag-concat "1"
    callbag-filter "1"
    callbag-flatten "1"
    callbag-for-each "1"
    callbag-from-event "1"
    callbag-from-iter "1"
    callbag-from-obs "1"
    callbag-from-promise "1"
    callbag-interval "1"
    callbag-map "1"
    callbag-merge "3"
    callbag-pipe "1"
    callbag-scan "1"
    callbag-share "1"
    callbag-skip "1"
    callbag-take "1"

callbag-combine@1:
  version "1.2.0"
  resolved "https://registry.yarnpkg.com/callbag-combine/-/callbag-combine-1.2.0.tgz#72628d05f7208d720a29fe1be7ff6fdc221d67df"
  integrity sha512-iDHfGNcBb9oIJLA//ytxU1e1W5MjjG+lIu2E2xtVs8fBba7+Zkp4wU6bnIf5II34hDxyEy8O8ct8TY6GO/W8Ig==
  dependencies:
    callbag "^1.1.0"

callbag-concat@1:
  version "1.2.1"
  resolved "https://registry.yarnpkg.com/callbag-concat/-/callbag-concat-1.2.1.tgz#3b10bcc5a7cbbcba3bdf1c46136e5d16f36291bd"
  integrity sha512-iIC4FCUF7sKnt4gDKHNjMRHekebdaA1/udjON/mCLg31EzzTO/dE9nfxpcj+G/63KopFXVQdZKQDsu7UOYGpPg==
  dependencies:
    callbag "^1.2.0"

callbag-filter@1:
  version "1.1.0"
  resolved "https://registry.yarnpkg.com/callbag-filter/-/callbag-filter-1.1.0.tgz#d3116bf839702e859ee7e76eb9525925a6bff8b3"
  integrity sha512-m6ZHEd9JYHBAYJAdeqgt3gIKSoZOizfJTxIPd8EvDwY8Dr44+slm090WvCrrlz2SZoU8mCqpmZ8TFrGKXHo/yw==
  dependencies:
    callbag "^1.1.0"

callbag-flatten@1:
  version "1.7.0"
  resolved "https://registry.yarnpkg.com/callbag-flatten/-/callbag-flatten-1.7.0.tgz#5edb7c0b59f8eafdcb3e5ffb34505ace423fa6e2"
  integrity sha512-1nekVS5GwI38CRcIzmLFRFmXeoHkLG/SkUAwwvarwL4srmHW994UzFAcwwQbZjI9gudqfVDvY+LnopNb4Dtc4w==
  dependencies:
    callbag "^1.1.0"

callbag-for-each@1:
  version "1.1.0"
  resolved "https://registry.yarnpkg.com/callbag-for-each/-/callbag-for-each-1.1.0.tgz#8f21877058cc9511aab7d87a1cd150f688c7dbd4"
  integrity sha512-/FKC/dd3hnw/M1G5mlZrz/+UbtHYPz5PsmmBvpthNb67v6XuQlT93BzxQDxRHAalAjsOci8ZqoYFgmmJxwGhvg==
  dependencies:
    callbag "^1.1.0"

callbag-from-event@1:
  version "1.3.0"
  resolved "https://registry.yarnpkg.com/callbag-from-event/-/callbag-from-event-1.3.0.tgz#59c005677bca8787ff6f21811d50158fc636067e"
  integrity sha512-cAu82hKKFmMtKTmd50p/nlMfs1oKz+PGUZmmwhbzPbw4YtjNgTKg6pXjpcQprhBQdrqg/v8pHcAS8Qs6X7r8fw==
  dependencies:
    callbag "^1.1.0"

callbag-from-iter@1:
  version "1.3.0"
  resolved "https://registry.yarnpkg.com/callbag-from-iter/-/callbag-from-iter-1.3.0.tgz#6757c1de9f8558b877546d475e3082823662c54c"
  integrity sha512-iBc6O6DYDWQBjlOZzdU/SbJofK0pN3TjNWC4fDIQePBk5FWCZKVll/coXiVU6gpwbBaS0Om/d/PVbVK8Ki17Ew==
  dependencies:
    callbag "^1.2.0"

callbag-from-obs@1:
  version "1.2.0"
  resolved "https://registry.yarnpkg.com/callbag-from-obs/-/callbag-from-obs-1.2.0.tgz#f092f302f302b53abaf1a4d7a5393f9a65fac517"
  integrity sha512-InhdPC6P4Gdpg7nuXSkocDFlb+//sbwCrVCYhxOHhSVm1gDcw/zSA+IF1gHdYtk4RQKKaCymUFCkVVUVSRThVQ==
  dependencies:
    symbol-observable "^1.2.0"

callbag-from-promise@1:
  version "1.3.0"
  resolved "https://registry.yarnpkg.com/callbag-from-promise/-/callbag-from-promise-1.3.0.tgz#6646822314e224265eda2b26d8f8c7c5f00f0ccc"
  integrity sha512-1e6Xloc5DavrPUYIUKUNLhYTTXFtrRH/tN0qbS+LAzNeu9whCJOLEExjVfntEfSbiuADClAuIiVDLRiPBhu1mg==
  dependencies:
    callbag "^1.1.0"

callbag-interval@1:
  version "1.2.0"
  resolved "https://registry.yarnpkg.com/callbag-interval/-/callbag-interval-1.2.0.tgz#9b1e1ebbbaa46999d77dabff1acb26889fe3ad2b"
  integrity sha512-jo2UQZ+vvGWvCCykqKzL7ixSoTmvzDysQGTQkI3qQF28weRSMSmH5k86qmm7ddfPW1yNczcL93uhGnWC5e34Og==
  dependencies:
    callbag "^1.1.0"

callbag-map@1:
  version "1.1.0"
  resolved "https://registry.yarnpkg.com/callbag-map/-/callbag-map-1.1.0.tgz#6ddd28a3f634fbd2394ef136a181b4ba5e3b062c"
  integrity sha512-/xFzvJCtx1xulZpFeI4wq+ZD7tkg417XOeJ3wS9v8bHLLpt+fHKXgbZ8TBnnIxywJN6Uu/ZhL+c1DzUG6KXYFQ==
  dependencies:
    callbag "^1.1.0"

callbag-merge@3:
  version "3.2.2"
  resolved "https://registry.yarnpkg.com/callbag-merge/-/callbag-merge-3.2.2.tgz#87e4a9705dfcea109908296397834d648e8ea435"
  integrity sha512-VeBE5Mh7LUxYwxaITKsHt3CmZeMMfpsjEamMD0Wf6ajrFE6FGa4aQnd7SZ5h0KSSTcivxe0UaT6x97f8Y9atzA==
  dependencies:
    callbag "^1.2.0"

callbag-pipe@1:
  version "1.2.0"
  resolved "https://registry.yarnpkg.com/callbag-pipe/-/callbag-pipe-1.2.0.tgz#7c00f47774da0096a7c5afa8a14f7873b5be1daf"
  integrity sha512-M+LdHUK0qJkm4CRe+I870ZzD/SnzcpTsfJRzFoB2hOkNXlrVdoj002KMkfdS4pHMfV6egzZFd8j+xJu6C4kwEQ==

callbag-scan@1:
  version "1.1.0"
  resolved "https://registry.yarnpkg.com/callbag-scan/-/callbag-scan-1.1.0.tgz#09e5bea479b849d51c0087be81a28044f9c5ddf3"
  integrity sha512-5Aw9LR8b4Fg/gC++lWrq9sXEqgO0c5Gk+HWaFhFoVqgujSUVRxFw+c4bLw1eExWrBX6OeBDbVZ/2rMr/E0q9cQ==
  dependencies:
    callbag "^1.1.0"

callbag-share@1:
  version "1.3.0"
  resolved "https://registry.yarnpkg.com/callbag-share/-/callbag-share-1.3.0.tgz#4284f7c13f83b0888b246c13fa099ef6ce7c4e45"
  integrity sha512-KqM16UzlvK3DcYRsT6Myabm4GqvsMQIoGLWmawVVoMAw3534O0XCa+6Sai0mjFKenC3tqTacyChlusoZoZmdsg==
  dependencies:
    callbag "^1.1.0"

callbag-skip@1:
  version "1.1.0"
  resolved "https://registry.yarnpkg.com/callbag-skip/-/callbag-skip-1.1.0.tgz#02df66e5519e8f5dec8f12284663974d7fe35c80"
  integrity sha512-KodTVJFA1h1Z7iFvs2ocwtyvb+q38i/FJTabdMTmmPucQV+XpGH8e6BYxmYRznY4FQUTLM9e5Y5HqbUxT7ma1w==
  dependencies:
    callbag "^1.1.0"

callbag-take@1:
  version "1.5.0"
  resolved "https://registry.yarnpkg.com/callbag-take/-/callbag-take-1.5.0.tgz#3062b42f8ed4ed7e021d2cd1306c029d2ef4a12d"
  integrity sha512-8aOxp+gzfVQtDe+tk9PhKbC9QR9Vap4KFA0xccUiXFK9VjIS0fSt/Yi454viPpMhJkhRcx1BsjyF34Cj57W89A==
  dependencies:
    callbag "^1.1.0"

callbag@1, callbag@^1.1.0, callbag@^1.2.0, callbag@^1.5.0:
  version "1.5.0"
  resolved "https://registry.yarnpkg.com/callbag/-/callbag-1.5.0.tgz#b9d0be57e979c39d1616280320a4d3636f08c9e9"
  integrity sha512-PH3id0HEb/cNS+BehYlF4Z5wzjKAIUao6ab2hWtMs2bi6aW+0PXl0jymqwnFyT2cQO2h30ggUgpQlmzOpAIKNg==

create-require@^1.1.0:
  version "1.1.1"
  resolved "https://registry.yarnpkg.com/create-require/-/create-require-1.1.1.tgz#c1d7e8f1e5f6cfc9ff65f9cd352d37348756c333"
  integrity sha512-dcKFX3jn0MpIaXjisoRvexIJVEKzaq7z2rZKxf+MSr9TkdmHmsU4m2lcLojrj/FHl8mk5VxMmYA+ftRkP/3oKQ==

diff@^4.0.1:
  version "4.0.2"
  resolved "https://registry.yarnpkg.com/diff/-/diff-4.0.2.tgz#60f3aecb89d5fae520c11aa19efc2bb982aade7d"
  integrity sha512-58lmxKSA4BNyLz+HHMUzlOEpg09FV+ev6ZMe3vJihgdxzgcwZ8VoEEPmALCZG9LmqfVoNMMKpttIYTVG6uDY7A==

make-error@^1.1.1:
  version "1.3.6"
  resolved "https://registry.yarnpkg.com/make-error/-/make-error-1.3.6.tgz#2eb2e37ea9b67c4891f684a1394799af484cf7a2"
  integrity sha512-s8UhlNe7vPKomQhC1qFelMokr/Sc3AgNbso3n74mVPA5LTZwkB9NlXf4XPamLxJE8h0gh73rM94xvwRT2CVInw==

symbol-observable@^1.2.0:
  version "1.2.0"
  resolved "https://registry.yarnpkg.com/symbol-observable/-/symbol-observable-1.2.0.tgz#c22688aed4eab3cdc2dfeacbb561660560a00804"
  integrity sha512-e900nM8RRtGhlV36KGEU9k65K3mPb1WV70OdjfxlG2EAuM1noi/E/BaW/uMhL7bPEssK8QV57vN3esixjUvcXQ==

ts-node@^10.7.0:
  version "10.7.0"
  resolved "https://registry.yarnpkg.com/ts-node/-/ts-node-10.7.0.tgz#35d503d0fab3e2baa672a0e94f4b40653c2463f5"
  integrity sha512-TbIGS4xgJoX2i3do417KSaep1uRAW/Lu+WAL2doDHC0D6ummjirVOXU5/7aiZotbQ5p1Zp9tP7U6cYhA0O7M8A==
  dependencies:
    "@cspotcode/source-map-support" "0.7.0"
    "@tsconfig/node10" "^1.0.7"
    "@tsconfig/node12" "^1.0.7"
    "@tsconfig/node14" "^1.0.0"
    "@tsconfig/node16" "^1.0.2"
    acorn "^8.4.1"
    acorn-walk "^8.1.1"
    arg "^4.1.0"
    create-require "^1.1.0"
    diff "^4.0.1"
    make-error "^1.1.1"
    v8-compile-cache-lib "^3.0.0"
    yn "3.1.1"

typescript@^4.6.2:
  version "4.6.2"
  resolved "https://registry.yarnpkg.com/typescript/-/typescript-4.6.2.tgz#fe12d2727b708f4eef40f51598b3398baa9611d4"
  integrity sha512-HM/hFigTBHZhLXshn9sN37H085+hQGeJHJ/X7LpBWLID/fbc2acUMfU+lGD98X81sKP+pFa9f0DZmCwB9GnbAg==

v8-compile-cache-lib@^3.0.0:
  version "3.0.0"
  resolved "https://registry.yarnpkg.com/v8-compile-cache-lib/-/v8-compile-cache-lib-3.0.0.tgz#0582bcb1c74f3a2ee46487ceecf372e46bce53e8"
  integrity sha512-mpSYqfsFvASnSn5qMiwrr4VKfumbPyONLCOPmsR3A6pTY/r0+tSaVbgPWSAIuzbk3lCTa+FForeTiO+wBQGkjA==

yn@3.1.1:
  version "3.1.1"
  resolved "https://registry.yarnpkg.com/yn/-/yn-3.1.1.tgz#1e87401a09d767c1d5eab26a6e4c185182d2eb50"
  integrity sha512-Ux4ygGWsu2c7isFWe8Yu1YluJmqVhxqK2cLXNQA5AcC3QfbGNpM7fu0Y8b/z16pXLnFxZYvWhd3fhBY9DLmC6Q==
